
Microsoft Visual Studio Solution File, Format Version 12.00
# Visual Studio Version 17
VisualStudioVersion = 17.0.31903.59
MinimumVisualStudioVersion = 10.0.40219.1
Project("{9A19103F-16F7-4668-BE54-9A1E7A4F7556}") = "Models", "Models\Models.csproj", "{58773E08-7AAC-4440-A85D-661FF570394D}"
EndProject
Project("{9A19103F-16F7-4668-BE54-9A1E7A4F7556}") = "GestBanque", "GestBanque\GestBanque.csproj", "{6AFABAD5-B3CE-4ACE-A5D7-78B1F4E7DF3E}"
EndProject
Global
	GlobalSection(SolutionConfigurationPlatforms) = preSolution
		Debug|Any CPU = Debug|Any CPU
		Release|Any CPU = Release|Any CPU
	EndGlobalSection
	GlobalSection(ProjectConfigurationPlatforms) = postSolution
		{58773E08-7AAC-4440-A85D-661FF570394D}.Debug|Any CPU.ActiveCfg = Debug|Any CPU
		{58773E08-7AAC-4440-A85D-661FF570394D}.Debug|Any CPU.Build.0 = Debug|Any CPU
		{58773E08-7AAC-4440-A85D-661FF570394D}.Release|Any CPU.ActiveCfg = Release|Any CPU
		{58773E08-7AAC-4440-A85D-661FF570394D}.Release|Any CPU.Build.0 = Release|Any CPU
		{6AFABAD5-B3CE-4ACE-A5D7-78B1F4E7DF3E}.Debug|Any CPU.ActiveCfg = Debug|Any CPU
		{6AFABAD5-B3CE-4ACE-A5D7-78B1F4E7DF3E}.Debug|Any CPU.Build.0 = Debug|Any CPU
		{6AFABAD5-B3CE-4ACE-A5D7-78B1F4E7DF3E}.Release|Any CPU.ActiveCfg = Release|Any CPU
		{6AFABAD5-B3CE-4ACE-A5D7-78B1F4E7DF3E}.Release|Any CPU.Build.0 = Release|Any CPU
	EndGlobalSection
	GlobalSection(SolutionProperties) = preSolution
		HideSolutionNode = FALSE
	EndGlobalSection
	GlobalSection(ExtensibilityGlobals) = postSolution
		SolutionGuid = {04B4EB09-BCA6-4CB9-A1AA-76CD4AC18433}
	EndGlobalSection
EndGlobal
